
Microsoft Visual Studio Solution File, Format Version 12.00
# Visual Studio 15
VisualStudioVersion = 15.0.28010.2036
MinimumVisualStudioVersion = 10.0.40219.1
Project("{FAE04EC0-301F-11D3-BF4B-00C04F79EFBC}") = "MagazynAPI", "MagazynAPI\MagazynAPI.csproj", "{70AB5DA5-310A-4A61-82C3-480FF165C34F}"
EndProject
Global
	GlobalSection(SolutionConfigurationPlatforms) = preSolution
		Debug|Any CPU = Debug|Any CPU
		Release|Any CPU = Release|Any CPU
	EndGlobalSection
	GlobalSection(ProjectConfigurationPlatforms) = postSolution
		{70AB5DA5-310A-4A61-82C3-480FF165C34F}.Debug|Any CPU.ActiveCfg = Debug|Any CPU
		{70AB5DA5-310A-4A61-82C3-480FF165C34F}.Debug|Any CPU.Build.0 = Debug|Any CPU
		{70AB5DA5-310A-4A61-82C3-480FF165C34F}.Release|Any CPU.ActiveCfg = Release|Any CPU
		{70AB5DA5-310A-4A61-82C3-480FF165C34F}.Release|Any CPU.Build.0 = Release|Any CPU
	EndGlobalSection
	GlobalSection(SolutionProperties) = preSolution
		HideSolutionNode = FALSE
	EndGlobalSection
	GlobalSection(ExtensibilityGlobals) = postSolution
		SolutionGuid = {C5C86534-C39C-4E51-9009-9B1D74BF19F8}
	EndGlobalSection
EndGlobal
